
Microsoft Visual Studio Solution File, Format Version 12.00
# Visual Studio Version 16
VisualStudioVersion = 16.0.29009.5
MinimumVisualStudioVersion = 10.0.40219.1
Project("{FAE04EC0-301F-11D3-BF4B-00C04F79EFBC}") = "NoodleManager", "NoodleManager\NoodleManager.csproj", "{4A00C80E-F8B2-4B89-BBBE-57E17F07053F}"
EndProject
Project("{FAE04EC0-301F-11D3-BF4B-00C04F79EFBC}") = "DownloadHelper", "DownloadHelper\DownloadHelper.csproj", "{0B6BA28F-95B2-4443-8FCF-4AC788493F56}"
EndProject
Global
	GlobalSection(SolutionConfigurationPlatforms) = preSolution
		Debug|Any CPU = Debug|Any CPU
		Release|Any CPU = Release|Any CPU
	EndGlobalSection
	GlobalSection(ProjectConfigurationPlatforms) = postSolution
		{4A00C80E-F8B2-4B89-BBBE-57E17F07053F}.Debug|Any CPU.ActiveCfg = Debug|Any CPU
		{4A00C80E-F8B2-4B89-BBBE-57E17F07053F}.Debug|Any CPU.Build.0 = Debug|Any CPU
		{4A00C80E-F8B2-4B89-BBBE-57E17F07053F}.Release|Any CPU.ActiveCfg = Release|Any CPU
		{4A00C80E-F8B2-4B89-BBBE-57E17F07053F}.Release|Any CPU.Build.0 = Release|Any CPU
		{0B6BA28F-95B2-4443-8FCF-4AC788493F56}.Debug|Any CPU.ActiveCfg = Debug|Any CPU
		{0B6BA28F-95B2-4443-8FCF-4AC788493F56}.Debug|Any CPU.Build.0 = Debug|Any CPU
		{0B6BA28F-95B2-4443-8FCF-4AC788493F56}.Release|Any CPU.ActiveCfg = Release|Any CPU
		{0B6BA28F-95B2-4443-8FCF-4AC788493F56}.Release|Any CPU.Build.0 = Release|Any CPU
	EndGlobalSection
	GlobalSection(SolutionProperties) = preSolution
		HideSolutionNode = FALSE
	EndGlobalSection
	GlobalSection(ExtensibilityGlobals) = postSolution
		SolutionGuid = {6829776C-1DB9-4530-BAB8-73E5649A427A}
	EndGlobalSection
EndGlobal
